
Microsoft Visual Studio Solution File, Format Version 12.00
# Visual Studio 2013
VisualStudioVersion = 12.0.21005.1
MinimumVisualStudioVersion = 10.0.40219.1
Project("{FAE04EC0-301F-11D3-BF4B-00C04F79EFBC}") = "TestASCOM_Driver", "TestASCOM_Driver\TestASCOM_Driver.csproj", "{64308775-BD4A-469C-BCAB-3ED830B811AF}"
	ProjectSection(ProjectDependencies) = postProject
		{406A5174-21D7-45FC-8DD5-00869104E68D} = {406A5174-21D7-45FC-8DD5-00869104E68D}
	EndProjectSection
EndProject
Project("{FAE04EC0-301F-11D3-BF4B-00C04F79EFBC}") = "TestDriverForm", "TestDriverForm\TestDriverForm.csproj", "{8E8D406C-1838-4914-867D-AB602D0EAF3E}"
EndProject
Project("{2150E333-8FDC-42A3-9474-1A3956D46DE8}") = "Doc", "Doc", "{3C876D88-DE6F-4DEC-96BA-9621F48FE528}"
	ProjectSection(SolutionItems) = preProject
		Docs\Commands.txt = Docs\Commands.txt
		Docs\Common.bas = Docs\Common.bas
		..\Celestron Driver\Telescope.cls = ..\Celestron Driver\Telescope.cls
		Docs\Telescopes.txt = Docs\Telescopes.txt
	EndProjectSection
EndProject
Project("{2150E333-8FDC-42A3-9474-1A3956D46DE8}") = ".nuget", ".nuget", "{464D0876-DB7F-4488-B9F5-DDADE237EA75}"
	ProjectSection(SolutionItems) = preProject
		.nuget\NuGet.Config = .nuget\NuGet.Config
		.nuget\NuGet.exe = .nuget\NuGet.exe
		.nuget\NuGet.targets = .nuget\NuGet.targets
	EndProjectSection
EndProject
Project("{FAE04EC0-301F-11D3-BF4B-00C04F79EFBC}") = "CelestroneDriverTestProject", "CelestroneDriverTestProject\CelestroneDriverTestProject.csproj", "{03F7DE51-FA6F-4847-88E3-6C771FD4ACB9}"
EndProject
Project("{FAE04EC0-301F-11D3-BF4B-00C04F79EFBC}") = "CelestroneDriver", "CelestroneDriver\CelestroneDriver.csproj", "{91317B6F-7B1A-4CD4-8AA1-7DC0B449E691}"
EndProject
Project("{FAE04EC0-301F-11D3-BF4B-00C04F79EFBC}") = "InputControl", "InputControl\InputControl.csproj", "{406A5174-21D7-45FC-8DD5-00869104E68D}"
EndProject
Project("{2150E333-8FDC-42A3-9474-1A3956D46DE8}") = "Install", "Install", "{C554A18C-3F91-4390-80B8-B4DA84EEE24B}"
	ProjectSection(SolutionItems) = preProject
		CelestroneTelescope Setup.iss = CelestroneTelescope Setup.iss
	EndProjectSection
EndProject
Global
	GlobalSection(SolutionConfigurationPlatforms) = preSolution
		Debug|Any CPU = Debug|Any CPU
		Debug|Mixed Platforms = Debug|Mixed Platforms
		Debug|x64 = Debug|x64
		Debug|x86 = Debug|x86
		Release|Any CPU = Release|Any CPU
		Release|Mixed Platforms = Release|Mixed Platforms
		Release|x64 = Release|x64
		Release|x86 = Release|x86
	EndGlobalSection
	GlobalSection(ProjectConfigurationPlatforms) = postSolution
		{64308775-BD4A-469C-BCAB-3ED830B811AF}.Debug|Any CPU.ActiveCfg = Debug|Any CPU
		{64308775-BD4A-469C-BCAB-3ED830B811AF}.Debug|Any CPU.Build.0 = Debug|Any CPU
		{64308775-BD4A-469C-BCAB-3ED830B811AF}.Debug|Mixed Platforms.ActiveCfg = Debug|Any CPU
		{64308775-BD4A-469C-BCAB-3ED830B811AF}.Debug|Mixed Platforms.Build.0 = Debug|Any CPU
		{64308775-BD4A-469C-BCAB-3ED830B811AF}.Debug|x64.ActiveCfg = Debug|x64
		{64308775-BD4A-469C-BCAB-3ED830B811AF}.Debug|x64.Build.0 = Debug|x64
		{64308775-BD4A-469C-BCAB-3ED830B811AF}.Debug|x86.ActiveCfg = Debug|x86
		{64308775-BD4A-469C-BCAB-3ED830B811AF}.Debug|x86.Build.0 = Debug|x86
		{64308775-BD4A-469C-BCAB-3ED830B811AF}.Release|Any CPU.ActiveCfg = Release|Any CPU
		{64308775-BD4A-469C-BCAB-3ED830B811AF}.Release|Any CPU.Build.0 = Release|Any CPU
		{64308775-BD4A-469C-BCAB-3ED830B811AF}.Release|Mixed Platforms.ActiveCfg = Release|Any CPU
		{64308775-BD4A-469C-BCAB-3ED830B811AF}.Release|Mixed Platforms.Build.0 = Release|Any CPU
		{64308775-BD4A-469C-BCAB-3ED830B811AF}.Release|x64.ActiveCfg = Release|x64
		{64308775-BD4A-469C-BCAB-3ED830B811AF}.Release|x64.Build.0 = Release|x64
		{64308775-BD4A-469C-BCAB-3ED830B811AF}.Release|x86.ActiveCfg = Release|x86
		{64308775-BD4A-469C-BCAB-3ED830B811AF}.Release|x86.Build.0 = Release|x86
		{8E8D406C-1838-4914-867D-AB602D0EAF3E}.Debug|Any CPU.ActiveCfg = Debug|Any CPU
		{8E8D406C-1838-4914-867D-AB602D0EAF3E}.Debug|Any CPU.Build.0 = Debug|Any CPU
		{8E8D406C-1838-4914-867D-AB602D0EAF3E}.Debug|Mixed Platforms.ActiveCfg = Debug|x86
		{8E8D406C-1838-4914-867D-AB602D0EAF3E}.Debug|Mixed Platforms.Build.0 = Debug|x86
		{8E8D406C-1838-4914-867D-AB602D0EAF3E}.Debug|x64.ActiveCfg = Debug|x64
		{8E8D406C-1838-4914-867D-AB602D0EAF3E}.Debug|x64.Build.0 = Debug|x64
		{8E8D406C-1838-4914-867D-AB602D0EAF3E}.Debug|x86.ActiveCfg = Debug|x86
		{8E8D406C-1838-4914-867D-AB602D0EAF3E}.Debug|x86.Build.0 = Debug|x86
		{8E8D406C-1838-4914-867D-AB602D0EAF3E}.Release|Any CPU.ActiveCfg = Release|Any CPU
		{8E8D406C-1838-4914-867D-AB602D0EAF3E}.Release|Any CPU.Build.0 = Release|Any CPU
		{8E8D406C-1838-4914-867D-AB602D0EAF3E}.Release|Mixed Platforms.ActiveCfg = Release|x86
		{8E8D406C-1838-4914-867D-AB602D0EAF3E}.Release|Mixed Platforms.Build.0 = Release|x86
		{8E8D406C-1838-4914-867D-AB602D0EAF3E}.Release|x64.ActiveCfg = Release|x64
		{8E8D406C-1838-4914-867D-AB602D0EAF3E}.Release|x86.ActiveCfg = Release|x86
		{03F7DE51-FA6F-4847-88E3-6C771FD4ACB9}.Debug|Any CPU.ActiveCfg = Debug|Any CPU
		{03F7DE51-FA6F-4847-88E3-6C771FD4ACB9}.Debug|Any CPU.Build.0 = Debug|Any CPU
		{03F7DE51-FA6F-4847-88E3-6C771FD4ACB9}.Debug|Mixed Platforms.ActiveCfg = Debug|Any CPU
		{03F7DE51-FA6F-4847-88E3-6C771FD4ACB9}.Debug|Mixed Platforms.Build.0 = Debug|Any CPU
		{03F7DE51-FA6F-4847-88E3-6C771FD4ACB9}.Debug|x64.ActiveCfg = Debug|x64
		{03F7DE51-FA6F-4847-88E3-6C771FD4ACB9}.Debug|x64.Build.0 = Debug|x64
		{03F7DE51-FA6F-4847-88E3-6C771FD4ACB9}.Debug|x86.ActiveCfg = Debug|x86
		{03F7DE51-FA6F-4847-88E3-6C771FD4ACB9}.Debug|x86.Build.0 = Debug|x86
		{03F7DE51-FA6F-4847-88E3-6C771FD4ACB9}.Release|Any CPU.ActiveCfg = Release|Any CPU
		{03F7DE51-FA6F-4847-88E3-6C771FD4ACB9}.Release|Any CPU.Build.0 = Release|Any CPU
		{03F7DE51-FA6F-4847-88E3-6C771FD4ACB9}.Release|Mixed Platforms.ActiveCfg = Release|Any CPU
		{03F7DE51-FA6F-4847-88E3-6C771FD4ACB9}.Release|Mixed Platforms.Build.0 = Release|Any CPU
		{03F7DE51-FA6F-4847-88E3-6C771FD4ACB9}.Release|x64.ActiveCfg = Release|x64
		{03F7DE51-FA6F-4847-88E3-6C771FD4ACB9}.Release|x86.ActiveCfg = Release|x86
		{91317B6F-7B1A-4CD4-8AA1-7DC0B449E691}.Debug|Any CPU.ActiveCfg = Debug|Any CPU
		{91317B6F-7B1A-4CD4-8AA1-7DC0B449E691}.Debug|Any CPU.Build.0 = Debug|Any CPU
		{91317B6F-7B1A-4CD4-8AA1-7DC0B449E691}.Debug|Mixed Platforms.ActiveCfg = Debug|Any CPU
		{91317B6F-7B1A-4CD4-8AA1-7DC0B449E691}.Debug|Mixed Platforms.Build.0 = Debug|Any CPU
		{91317B6F-7B1A-4CD4-8AA1-7DC0B449E691}.Debug|x64.ActiveCfg = Debug|x64
		{91317B6F-7B1A-4CD4-8AA1-7DC0B449E691}.Debug|x64.Build.0 = Debug|x64
		{91317B6F-7B1A-4CD4-8AA1-7DC0B449E691}.Debug|x86.ActiveCfg = Debug|x86
		{91317B6F-7B1A-4CD4-8AA1-7DC0B449E691}.Debug|x86.Build.0 = Debug|x86
		{91317B6F-7B1A-4CD4-8AA1-7DC0B449E691}.Release|Any CPU.ActiveCfg = Release|Any CPU
		{91317B6F-7B1A-4CD4-8AA1-7DC0B449E691}.Release|Any CPU.Build.0 = Release|Any CPU
		{91317B6F-7B1A-4CD4-8AA1-7DC0B449E691}.Release|Mixed Platforms.ActiveCfg = Release|Any CPU
		{91317B6F-7B1A-4CD4-8AA1-7DC0B449E691}.Release|Mixed Platforms.Build.0 = Release|Any CPU
		{91317B6F-7B1A-4CD4-8AA1-7DC0B449E691}.Release|x64.ActiveCfg = Release|x64
		{91317B6F-7B1A-4CD4-8AA1-7DC0B449E691}.Release|x64.Build.0 = Release|x64
		{91317B6F-7B1A-4CD4-8AA1-7DC0B449E691}.Release|x86.ActiveCfg = Release|x86
		{91317B6F-7B1A-4CD4-8AA1-7DC0B449E691}.Release|x86.Build.0 = Release|x86
		{406A5174-21D7-45FC-8DD5-00869104E68D}.Debug|Any CPU.ActiveCfg = Debug|Any CPU
		{406A5174-21D7-45FC-8DD5-00869104E68D}.Debug|Any CPU.Build.0 = Debug|Any CPU
		{406A5174-21D7-45FC-8DD5-00869104E68D}.Debug|Mixed Platforms.ActiveCfg = Debug|Any CPU
		{406A5174-21D7-45FC-8DD5-00869104E68D}.Debug|Mixed Platforms.Build.0 = Debug|Any CPU
		{406A5174-21D7-45FC-8DD5-00869104E68D}.Debug|x64.ActiveCfg = Debug|x64
		{406A5174-21D7-45FC-8DD5-00869104E68D}.Debug|x64.Build.0 = Debug|x64
		{406A5174-21D7-45FC-8DD5-00869104E68D}.Debug|x86.ActiveCfg = Debug|x86
		{406A5174-21D7-45FC-8DD5-00869104E68D}.Debug|x86.Build.0 = Debug|x86
		{406A5174-21D7-45FC-8DD5-00869104E68D}.Release|Any CPU.ActiveCfg = Release|Any CPU
		{406A5174-21D7-45FC-8DD5-00869104E68D}.Release|Any CPU.Build.0 = Release|Any CPU
		{406A5174-21D7-45FC-8DD5-00869104E68D}.Release|Mixed Platforms.ActiveCfg = Release|Any CPU
		{406A5174-21D7-45FC-8DD5-00869104E68D}.Release|Mixed Platforms.Build.0 = Release|Any CPU
		{406A5174-21D7-45FC-8DD5-00869104E68D}.Release|x64.ActiveCfg = Release|x64
		{406A5174-21D7-45FC-8DD5-00869104E68D}.Release|x64.Build.0 = Release|x64
		{406A5174-21D7-45FC-8DD5-00869104E68D}.Release|x86.ActiveCfg = Release|x86
		{406A5174-21D7-45FC-8DD5-00869104E68D}.Release|x86.Build.0 = Release|x86
	EndGlobalSection
	GlobalSection(SolutionProperties) = preSolution
		HideSolutionNode = FALSE
	EndGlobalSection
EndGlobal
